
Microsoft Visual Studio Solution File, Format Version 12.00
# Visual Studio Version 17
VisualStudioVersion = 17.9.34622.214
MinimumVisualStudioVersion = 10.0.40219.1
Project("{9A19103F-16F7-4668-BE54-9A1E7A4F7556}") = "ContactManager", "ContactManager.csproj", "{9DE68B87-D1FB-4219-B230-20C292D7162D}"
EndProject
Project("{FAE04EC0-301F-11D3-BF4B-00C04F79EFBC}") = "ContacManagerTests", "..\ConcatManagerTests\ContacManagerTests.csproj", "{DD62EC47-1EB0-47AA-91D8-A344792C6EF3}"
EndProject
Global
	GlobalSection(SolutionConfigurationPlatforms) = preSolution
		Debug|Any CPU = Debug|Any CPU
		Release|Any CPU = Release|Any CPU
	EndGlobalSection
	GlobalSection(ProjectConfigurationPlatforms) = postSolution
		{9DE68B87-D1FB-4219-B230-20C292D7162D}.Debug|Any CPU.ActiveCfg = Debug|Any CPU
		{9DE68B87-D1FB-4219-B230-20C292D7162D}.Debug|Any CPU.Build.0 = Debug|Any CPU
		{9DE68B87-D1FB-4219-B230-20C292D7162D}.Release|Any CPU.ActiveCfg = Release|Any CPU
		{9DE68B87-D1FB-4219-B230-20C292D7162D}.Release|Any CPU.Build.0 = Release|Any CPU
		{DD62EC47-1EB0-47AA-91D8-A344792C6EF3}.Debug|Any CPU.ActiveCfg = Debug|Any CPU
		{DD62EC47-1EB0-47AA-91D8-A344792C6EF3}.Debug|Any CPU.Build.0 = Debug|Any CPU
		{DD62EC47-1EB0-47AA-91D8-A344792C6EF3}.Release|Any CPU.ActiveCfg = Release|Any CPU
		{DD62EC47-1EB0-47AA-91D8-A344792C6EF3}.Release|Any CPU.Build.0 = Release|Any CPU
	EndGlobalSection
	GlobalSection(SolutionProperties) = preSolution
		HideSolutionNode = FALSE
	EndGlobalSection
	GlobalSection(ExtensibilityGlobals) = postSolution
		SolutionGuid = {34D69B28-1D06-46A7-B436-DE9988616125}
	EndGlobalSection
EndGlobal
